<Solution>
  <Project Path="ApiService\ApiService.csproj" />
  <Project Path="AppHost\AppHost.csproj" />
  <Project Path="ServiceDefaults\ServiceDefaults.csproj" />
  <Project Path="Shared\Shared.csproj" Type="Classic C#" />
  <Project Path="Tests\Tests.csproj" />
  <Project Path="Web\Web.csproj" />
</Solution>