
Microsoft Visual Studio Solution File, Format Version 12.00
Project("{FAE04EC0-301F-11D3-BF4B-00C04F79EFBC}") = "AppHost", "SRC\AppHost\AppHost.csproj", "{BB9C41FD-1395-49AC-C085-55B269795333}"
EndProject
Project("{FAE04EC0-301F-11D3-BF4B-00C04F79EFBC}") = "ServiceDefaults", "SRC\ServiceDefaults\ServiceDefaults.csproj", "{E3C0E21B-371B-ACD5-5FF0-77C353D89E20}"
EndProject
Project("{FAE04EC0-301F-11D3-BF4B-00C04F79EFBC}") = "Shared", "SRC\Shared\Shared.csproj", "{99507BA0-BB0B-3FD9-D8E2-2AE9B409CB73}"
EndProject
Project("{FAE04EC0-301F-11D3-BF4B-00C04F79EFBC}") = "Web", "SRC\Web\Web.csproj", "{E5706BEE-C3FB-E7BE-641A-413C1A61D716}"
EndProject
Project("{FAE04EC0-301F-11D3-BF4B-00C04F79EFBC}") = "Web.Tests.Unit", "Tests\Web.Tests.Unit\Web.Tests.Unit.csproj", "{076FDF68-1ADB-FDFC-51FE-E164EF5517F4}"
EndProject
Project("{FAE04EC0-301F-11D3-BF4B-00C04F79EFBC}") = "Architechture.Tests.Unit", "Tests\Architechture.Tests.Unit\Architechture.Tests.Unit.csproj", "{5E56E632-4DE1-47CD-BE74-C1DEAB0CB58E}"
EndProject
Project("{FAE04EC0-301F-11D3-BF4B-00C04F79EFBC}") = "Architecture.Tests", "Tests\Architecture.Tests\Architecture.Tests.csproj", "{24C78527-01D8-4AC5-A940-D85A91CC64E1}"
EndProject
Global
	GlobalSection(SolutionConfigurationPlatforms) = preSolution
		Debug|Any CPU = Debug|Any CPU
		Release|Any CPU = Release|Any CPU
	EndGlobalSection
	GlobalSection(ProjectConfigurationPlatforms) = postSolution
		{BB9C41FD-1395-49AC-C085-55B269795333}.Debug|Any CPU.ActiveCfg = Debug|Any CPU
		{BB9C41FD-1395-49AC-C085-55B269795333}.Debug|Any CPU.Build.0 = Debug|Any CPU
		{BB9C41FD-1395-49AC-C085-55B269795333}.Release|Any CPU.ActiveCfg = Release|Any CPU
		{BB9C41FD-1395-49AC-C085-55B269795333}.Release|Any CPU.Build.0 = Release|Any CPU
		{E3C0E21B-371B-ACD5-5FF0-77C353D89E20}.Debug|Any CPU.ActiveCfg = Debug|Any CPU
		{E3C0E21B-371B-ACD5-5FF0-77C353D89E20}.Debug|Any CPU.Build.0 = Debug|Any CPU
		{E3C0E21B-371B-ACD5-5FF0-77C353D89E20}.Release|Any CPU.ActiveCfg = Release|Any CPU
		{E3C0E21B-371B-ACD5-5FF0-77C353D89E20}.Release|Any CPU.Build.0 = Release|Any CPU
		{99507BA0-BB0B-3FD9-D8E2-2AE9B409CB73}.Debug|Any CPU.ActiveCfg = Debug|Any CPU
		{99507BA0-BB0B-3FD9-D8E2-2AE9B409CB73}.Debug|Any CPU.Build.0 = Debug|Any CPU
		{99507BA0-BB0B-3FD9-D8E2-2AE9B409CB73}.Release|Any CPU.ActiveCfg = Release|Any CPU
		{99507BA0-BB0B-3FD9-D8E2-2AE9B409CB73}.Release|Any CPU.Build.0 = Release|Any CPU
		{E5706BEE-C3FB-E7BE-641A-413C1A61D716}.Debug|Any CPU.ActiveCfg = Debug|Any CPU
		{E5706BEE-C3FB-E7BE-641A-413C1A61D716}.Debug|Any CPU.Build.0 = Debug|Any CPU
		{E5706BEE-C3FB-E7BE-641A-413C1A61D716}.Release|Any CPU.ActiveCfg = Release|Any CPU
		{E5706BEE-C3FB-E7BE-641A-413C1A61D716}.Release|Any CPU.Build.0 = Release|Any CPU
		{076FDF68-1ADB-FDFC-51FE-E164EF5517F4}.Debug|Any CPU.ActiveCfg = Debug|Any CPU
		{076FDF68-1ADB-FDFC-51FE-E164EF5517F4}.Debug|Any CPU.Build.0 = Debug|Any CPU
		{076FDF68-1ADB-FDFC-51FE-E164EF5517F4}.Release|Any CPU.ActiveCfg = Release|Any CPU
		{076FDF68-1ADB-FDFC-51FE-E164EF5517F4}.Release|Any CPU.Build.0 = Release|Any CPU
		{5E56E632-4DE1-47CD-BE74-C1DEAB0CB58E}.Debug|Any CPU.ActiveCfg = Debug|Any CPU
		{5E56E632-4DE1-47CD-BE74-C1DEAB0CB58E}.Debug|Any CPU.Build.0 = Debug|Any CPU
		{5E56E632-4DE1-47CD-BE74-C1DEAB0CB58E}.Release|Any CPU.ActiveCfg = Release|Any CPU
		{5E56E632-4DE1-47CD-BE74-C1DEAB0CB58E}.Release|Any CPU.Build.0 = Release|Any CPU
		{24C78527-01D8-4AC5-A940-D85A91CC64E1}.Debug|Any CPU.ActiveCfg = Debug|Any CPU
		{24C78527-01D8-4AC5-A940-D85A91CC64E1}.Debug|Any CPU.Build.0 = Debug|Any CPU
		{24C78527-01D8-4AC5-A940-D85A91CC64E1}.Release|Any CPU.ActiveCfg = Release|Any CPU
		{24C78527-01D8-4AC5-A940-D85A91CC64E1}.Release|Any CPU.Build.0 = Release|Any CPU
	EndGlobalSection
EndGlobal
