{
  "version": 2,
  "dependencies": {
    "net9.0": {
      "Bogus": {
        "type": "Direct",
        "requested": "[35.6.4, )",
        "resolved": "35.6.4",
        "contentHash": "9ruy4agpXZ2L3B29IypUZJh61/lq+7Tbs03KyS0Uxrkx7c20JuWB1vMtZ0xBqwnekZGphjBhX7MkhM1nb5BA5g=="
      },
      "FluentValidation": {
        "type": "Direct",
        "requested": "[12.0.0, )",
        "resolved": "12.0.0",
        "contentHash": "8NVLxtMUXynRHJIX3Hn1ACovaqZIJASufXIIFkD0EUbcd5PmMsL1xUD5h548gCezJ5BzlITaR9CAMrGe29aWpA=="
      },
      "Mapster": {
        "type": "Direct",
        "requested": "[7.4.0, )",
        "resolved": "7.4.0",
        "contentHash": "RYGoDqvS4WTKIq0HDyPBBVIj6N0mluOCXQ1Vk95JKseMHEsbCXSEGKSlP95oL+s42IXAXbqvHj7p0YaRBUcfqg==",
        "dependencies": {
          "Mapster.Core": "1.2.1"
        }
      },
      "Microsoft.AspNetCore.Identity.EntityFrameworkCore": {
        "type": "Direct",
        "requested": "[9.0.9, )",
        "resolved": "9.0.9",
        "contentHash": "dks8XEL1RFT8BmytQCKq0ovWwOUb8cVImdCA1fH8+SQoMxU2HvtyG6KNeQfKAudny2YQjl8H812pkvdw6rEqdg==",
        "dependencies": {
          "Microsoft.EntityFrameworkCore.Relational": "9.0.9",
          "Microsoft.Extensions.Identity.Stores": "9.0.9"
        }
      },
      "WaffleGenerator.Bogus": {
        "type": "Direct",
        "requested": "[4.2.2, )",
        "resolved": "4.2.2",
        "contentHash": "2o/x2dPhThFU/jevnEQ9SZtne7Tvzict0BouK/n+8NJKd14gwkivpuWJlAMc+LIoIgizy2gs9V9M5VL1Akhx/Q==",
        "dependencies": {
          "Bogus": "35.6.1",
          "WaffleGenerator": "4.2.2"
        }
      },
      "Mapster.Core": {
        "type": "Transitive",
        "resolved": "1.2.1",
        "contentHash": "11lokmfliBEMMmjeqxFGNpqGXq6tN96zFqpBmfYeahr4Ybk63oDmeJmOflsATjobYkX248g5Y62oQ2NNnZaeww=="
      },
      "Microsoft.AspNetCore.Cryptography.Internal": {
        "type": "Transitive",
        "resolved": "9.0.9",
        "contentHash": "1ZKxBYg9d+pQS+oBEpHzCPLlKMN/MmCcESLvadcScjovVynTa52Q/1N8B0pn6N+MaWjEYw+YazEwTOI3zYOx8A=="
      },
      "Microsoft.AspNetCore.Cryptography.KeyDerivation": {
        "type": "Transitive",
        "resolved": "9.0.9",
        "contentHash": "iGru/4hTzcOYl6KQskvzyzYsGEbS7Rj+TfknIqDQZvgeGoxB61yEgypmomGz4pepBBFURkfnQLZJWaJtqlmy+g==",
        "dependencies": {
          "Microsoft.AspNetCore.Cryptography.Internal": "9.0.9"
        }
      },
      "Microsoft.EntityFrameworkCore.Abstractions": {
        "type": "Transitive",
        "resolved": "9.0.9",
        "contentHash": "QdM2k3Mnip2QsaxJbCI95dc2SajRMENdmaMhVKj4jPC5dmkoRcu3eEdvZAgDbd4bFVV1jtPGdHtXewtoBMlZqA=="
      },
      "Microsoft.EntityFrameworkCore.Analyzers": {
        "type": "Transitive",
        "resolved": "9.0.9",
        "contentHash": "uiKeU/qR0YpaDUa4+g0rAjKCuwfq8YWZGcpPptnFWIr1K7dXQTm/15D2HDwwU4ln3Uf66krYybymuY58ua4hhw=="
      },
      "Microsoft.EntityFrameworkCore.Relational": {
        "type": "Transitive",
        "resolved": "9.0.9",
        "contentHash": "SonFU9a8x4jZIhIBtCw1hIE3QKjd4c7Y3mjptoh682dfQe7K9pUPGcEV/sk4n8AJdq4fkyJPCaOdYaObhae/Iw==",
        "dependencies": {
          "Microsoft.EntityFrameworkCore": "9.0.9",
          "Microsoft.Extensions.Caching.Memory": "9.0.9",
          "Microsoft.Extensions.Configuration.Abstractions": "9.0.9",
          "Microsoft.Extensions.Logging": "9.0.9"
        }
      },
      "Microsoft.Extensions.Caching.Abstractions": {
        "type": "Transitive",
        "resolved": "9.0.9",
        "contentHash": "NgtRHOdPrAEacfjXLSrH/SRrSqGf6Vaa6d16mW2yoyJdg7AJr0BnBvxkv7PkCm/CHVyzojTK7Y+oUDEulqY1Qw==",
        "dependencies": {
          "Microsoft.Extensions.Primitives": "9.0.9"
        }
      },
      "Microsoft.Extensions.Caching.Memory": {
        "type": "Transitive",
        "resolved": "9.0.9",
        "contentHash": "ln31BtsDsBQxykJgxuCtiUXWRET9FmqeEq0BpPIghkYtGpDDVs8ZcLHAjCCzbw6aGoLek4Z7JaDjSO/CjOD0iw==",
        "dependencies": {
          "Microsoft.Extensions.Caching.Abstractions": "9.0.9",
          "Microsoft.Extensions.DependencyInjection.Abstractions": "9.0.9",
          "Microsoft.Extensions.Logging.Abstractions": "9.0.9",
          "Microsoft.Extensions.Options": "9.0.9",
          "Microsoft.Extensions.Primitives": "9.0.9"
        }
      },
      "Microsoft.Extensions.Configuration.Abstractions": {
        "type": "Transitive",
        "resolved": "9.0.9",
        "contentHash": "p5RKAY9POvs3axwA/AQRuJeM8AHuE8h4qbP1NxQeGm0ep46aXz1oCLAp/oOYxX1GsjStgdhHrN3XXLLXr0+b3w==",
        "dependencies": {
          "Microsoft.Extensions.Primitives": "9.0.9"
        }
      },
      "Microsoft.Extensions.DependencyInjection.Abstractions": {
        "type": "Transitive",
        "resolved": "9.0.9",
        "contentHash": "/hymojfWbE9AlDOa0mczR44m00Jj+T3+HZO0ZnVTI032fVycI0ZbNOVFP6kqZMcXiLSYXzR2ilcwaRi6dzeGyA=="
      },
      "Microsoft.Extensions.Identity.Core": {
        "type": "Transitive",
        "resolved": "9.0.9",
        "contentHash": "SGLETUVrC16OJJ04cUtxLdxr6WzdSPd7XsMqJqMi96UL4DWPjfeZAyYNETA4qbvnJm1/tf1/xvel7xm5o2mQwQ==",
        "dependencies": {
          "Microsoft.AspNetCore.Cryptography.KeyDerivation": "9.0.9",
          "Microsoft.Extensions.Logging": "9.0.9",
          "Microsoft.Extensions.Options": "9.0.9"
        }
      },
      "Microsoft.Extensions.Identity.Stores": {
        "type": "Transitive",
        "resolved": "9.0.9",
        "contentHash": "d1VMuRB/YPElUS65jg9YqJtdXWr7aqllWDrQsX1yY57iOn5z3ClC11zXxygwYOfX+4IYGGn9t8BsryDYJEyvOQ==",
        "dependencies": {
          "Microsoft.Extensions.Caching.Abstractions": "9.0.9",
          "Microsoft.Extensions.Identity.Core": "9.0.9",
          "Microsoft.Extensions.Logging": "9.0.9"
        }
      },
      "Microsoft.Extensions.Logging": {
        "type": "Transitive",
        "resolved": "9.0.9",
        "contentHash": "MaCB0Y9hNDs4YLu3HCJbo199WnJT8xSgajG1JYGANz9FkseQ5f3v/llu3HxLI6mjDlu7pa7ps9BLPWjKzsAAzQ==",
        "dependencies": {
          "Microsoft.Extensions.DependencyInjection": "9.0.9",
          "Microsoft.Extensions.Logging.Abstractions": "9.0.9",
          "Microsoft.Extensions.Options": "9.0.9"
        }
      },
      "Microsoft.Extensions.Logging.Abstractions": {
        "type": "Transitive",
        "resolved": "9.0.9",
        "contentHash": "FEgpSF+Z9StMvrsSViaybOBwR0f0ZZxDm8xV5cSOFiXN/t+ys+rwAlTd/6yG7Ld1gfppgvLcMasZry3GsI9lGA==",
        "dependencies": {
          "Microsoft.Extensions.DependencyInjection.Abstractions": "9.0.9"
        }
      },
      "Microsoft.Extensions.Options": {
        "type": "Transitive",
        "resolved": "9.0.9",
        "contentHash": "loxGGHE1FC2AefwPHzrjPq7X92LQm64qnU/whKfo6oWaceewPUVYQJBJs3S3E2qlWwnCpeZ+dGCPTX+5dgVAuQ==",
        "dependencies": {
          "Microsoft.Extensions.DependencyInjection.Abstractions": "9.0.9",
          "Microsoft.Extensions.Primitives": "9.0.9"
        }
      },
      "Microsoft.Extensions.Primitives": {
        "type": "Transitive",
        "resolved": "9.0.9",
        "contentHash": "z4pyMePOrl733ltTowbN565PxBw1oAr8IHmIXNDiDqd22nFpYltX9KhrNC/qBWAG1/Zx5MHX+cOYhWJQYCO/iw=="
      },
      "WaffleGenerator": {
        "type": "Transitive",
        "resolved": "4.2.2",
        "contentHash": "Dczu80ZOWyT4LTV0ddOkfbVZSwMzJAa213jS70aP2ydiyUWYOdO1+4ny0b4r9TFiP4wfl6X15GXj0rlSrPNsbw=="
      },
      "Microsoft.EntityFrameworkCore": {
        "type": "CentralTransitive",
        "requested": "[9.0.9, )",
        "resolved": "9.0.9",
        "contentHash": "zkt5yQgnpWKX3rOxn+ZcV23Aj0296XCTqg4lx1hKY+wMXBgkn377UhBrY/A4H6kLpNT7wqZN98xCV0YHXu9VRA==",
        "dependencies": {
          "Microsoft.EntityFrameworkCore.Abstractions": "9.0.9",
          "Microsoft.EntityFrameworkCore.Analyzers": "9.0.9",
          "Microsoft.Extensions.Caching.Memory": "9.0.9",
          "Microsoft.Extensions.Logging": "9.0.9"
        }
      },
      "Microsoft.Extensions.DependencyInjection": {
        "type": "CentralTransitive",
        "requested": "[9.0.9, )",
        "resolved": "9.0.9",
        "contentHash": "zQV2WOSP+3z1EuK91ULxfGgo2Y75bTRnmJHp08+w/YXAyekZutX/qCd88/HOMNh35MDW9mJJJxPpMPS+1Rww8A==",
        "dependencies": {
          "Microsoft.Extensions.DependencyInjection.Abstractions": "9.0.9"
        }
      }
    }
  }
}