{
  "version": 2,
  "dependencies": {
    "net9.0": {
      "Blazored.FluentValidation": {
        "type": "Direct",
        "requested": "[2.2.0, )",
        "resolved": "2.2.0",
        "contentHash": "lBSHW7faCJqwn7KtZt6vqHSiyGvTL5McpS4sQUW3RLu2R5eMmf4oolFeufZfcAB8TV8iI+/PYouz7sn773E8Og==",
        "dependencies": {
          "FluentValidation": "11.9.1",
          "Microsoft.AspNetCore.Components.Web": "8.0.6"
        }
      },
      "Bogus": {
        "type": "Direct",
        "requested": "[35.6.4, )",
        "resolved": "35.6.4",
        "contentHash": "9ruy4agpXZ2L3B29IypUZJh61/lq+7Tbs03KyS0Uxrkx7c20JuWB1vMtZ0xBqwnekZGphjBhX7MkhM1nb5BA5g=="
      },
      "FluentValidation": {
        "type": "Direct",
        "requested": "[12.0.0, )",
        "resolved": "12.0.0",
        "contentHash": "8NVLxtMUXynRHJIX3Hn1ACovaqZIJASufXIIFkD0EUbcd5PmMsL1xUD5h548gCezJ5BzlITaR9CAMrGe29aWpA=="
      },
      "JetBrains.Annotations": {
        "type": "Direct",
        "requested": "[2025.2.2, )",
        "resolved": "2025.2.2",
        "contentHash": "0X56ZRizuHdrnPpgXjWV7f2tQO1FlQg5O1967OGKnI/4ZRNOK642J8L7brM1nYvrxTTU5TP1yRyXLRLaXLPQ8A=="
      },
      "Mapster": {
        "type": "Direct",
        "requested": "[7.4.0, )",
        "resolved": "7.4.0",
        "contentHash": "RYGoDqvS4WTKIq0HDyPBBVIj6N0mluOCXQ1Vk95JKseMHEsbCXSEGKSlP95oL+s42IXAXbqvHj7p0YaRBUcfqg==",
        "dependencies": {
          "Mapster.Core": "1.2.1"
        }
      },
      "Microsoft.AspNetCore.Identity.EntityFrameworkCore": {
        "type": "Direct",
        "requested": "[9.0.9, )",
        "resolved": "9.0.9",
        "contentHash": "dks8XEL1RFT8BmytQCKq0ovWwOUb8cVImdCA1fH8+SQoMxU2HvtyG6KNeQfKAudny2YQjl8H812pkvdw6rEqdg==",
        "dependencies": {
          "Microsoft.EntityFrameworkCore.Relational": "9.0.9",
          "Microsoft.Extensions.Identity.Stores": "9.0.9"
        }
      },
      "Microsoft.EntityFrameworkCore": {
        "type": "Direct",
        "requested": "[9.0.9, )",
        "resolved": "9.0.9",
        "contentHash": "zkt5yQgnpWKX3rOxn+ZcV23Aj0296XCTqg4lx1hKY+wMXBgkn377UhBrY/A4H6kLpNT7wqZN98xCV0YHXu9VRA==",
        "dependencies": {
          "Microsoft.EntityFrameworkCore.Abstractions": "9.0.9",
          "Microsoft.EntityFrameworkCore.Analyzers": "9.0.9",
          "Microsoft.Extensions.Caching.Memory": "9.0.9",
          "Microsoft.Extensions.Logging": "9.0.9"
        }
      },
      "Microsoft.EntityFrameworkCore.Design": {
        "type": "Direct",
        "requested": "[9.0.9, )",
        "resolved": "9.0.9",
        "contentHash": "cFxH70tohWe3ugCjLhZB01mR7WHpg5dEK6zHsbkDFfpLxWT+HoZQKgchTJgF4bPWBPTyrlYlqfPY212fFtmJjg==",
        "dependencies": {
          "Humanizer.Core": "2.14.1",
          "Microsoft.Build.Framework": "17.8.3",
          "Microsoft.Build.Locator": "1.7.8",
          "Microsoft.CodeAnalysis.CSharp": "4.8.0",
          "Microsoft.CodeAnalysis.CSharp.Workspaces": "4.8.0",
          "Microsoft.CodeAnalysis.Workspaces.MSBuild": "4.8.0",
          "Microsoft.EntityFrameworkCore.Relational": "9.0.9",
          "Microsoft.Extensions.Caching.Memory": "9.0.9",
          "Microsoft.Extensions.Configuration.Abstractions": "9.0.9",
          "Microsoft.Extensions.DependencyModel": "9.0.9",
          "Microsoft.Extensions.Logging": "9.0.9",
          "Mono.TextTemplating": "3.0.0",
          "System.Text.Json": "9.0.9"
        }
      },
      "Microsoft.EntityFrameworkCore.InMemory": {
        "type": "Direct",
        "requested": "[9.0.9, )",
        "resolved": "9.0.9",
        "contentHash": "n24o1SQU8A15ybZNTqmbuzHd9gAgjgwY7EudiS5Vdp1yLoaJE7jOGnvDeTBm5WFPBXuNfap6xRZK27acCKRCmw==",
        "dependencies": {
          "Microsoft.EntityFrameworkCore": "9.0.9",
          "Microsoft.Extensions.Caching.Memory": "9.0.9",
          "Microsoft.Extensions.Logging": "9.0.9"
        }
      },
      "Microsoft.EntityFrameworkCore.Tools": {
        "type": "Direct",
        "requested": "[9.0.9, )",
        "resolved": "9.0.9",
        "contentHash": "Q8n1PXXJApa1qX8HI3r/YuHoJ1HuLwjI2hLqaCV9K9pqQhGpi6Z38laOYwL2ElUOTWCxTKMDEMMYWfPlw6rwgg==",
        "dependencies": {
          "Microsoft.EntityFrameworkCore.Design": "9.0.9"
        }
      },
      "Microsoft.Extensions.DependencyInjection": {
        "type": "Direct",
        "requested": "[9.0.9, )",
        "resolved": "9.0.9",
        "contentHash": "zQV2WOSP+3z1EuK91ULxfGgo2Y75bTRnmJHp08+w/YXAyekZutX/qCd88/HOMNh35MDW9mJJJxPpMPS+1Rww8A==",
        "dependencies": {
          "Microsoft.Extensions.DependencyInjection.Abstractions": "9.0.9"
        }
      },
      "Npgsql.EntityFrameworkCore.PostgreSQL": {
        "type": "Direct",
        "requested": "[9.0.4, )",
        "resolved": "9.0.4",
        "contentHash": "mw5vcY2IEc7L+IeGrxpp/J5OSnCcjkjAgJYCm/eD52wpZze8zsSifdqV7zXslSMmfJG2iIUGZyo3KuDtEFKwMQ==",
        "dependencies": {
          "Microsoft.EntityFrameworkCore": "[9.0.1, 10.0.0)",
          "Microsoft.EntityFrameworkCore.Relational": "[9.0.1, 10.0.0)",
          "Npgsql": "9.0.3"
        }
      },
      "RestSharp": {
        "type": "Direct",
        "requested": "[112.1.0, )",
        "resolved": "112.1.0",
        "contentHash": "bOUGNZqhhv/QeCXHTKEUil846yBjwWXpzPKjO67kFvaAOoF361z7jLY5BMnuZ6WD2WQRA750sNMcK7MSPCQ5Mg=="
      },
      "System.Text.RegularExpressions": {
        "type": "Direct",
        "requested": "[4.3.1, )",
        "resolved": "4.3.1",
        "contentHash": "N0kNRrWe4+nXOWlpLT4LAY5brb8caNFlUuIRpraCVMDLYutKkol1aV079rQjLuSxKMJT2SpBQsYX9xbcTMmzwg==",
        "dependencies": {
          "System.Runtime": "4.3.1"
        }
      },
      "WaffleGenerator.Bogus": {
        "type": "Direct",
        "requested": "[4.2.2, )",
        "resolved": "4.2.2",
        "contentHash": "2o/x2dPhThFU/jevnEQ9SZtne7Tvzict0BouK/n+8NJKd14gwkivpuWJlAMc+LIoIgizy2gs9V9M5VL1Akhx/Q==",
        "dependencies": {
          "Bogus": "35.6.1",
          "WaffleGenerator": "4.2.2"
        }
      },
      "Humanizer.Core": {
        "type": "Transitive",
        "resolved": "2.14.1",
        "contentHash": "lQKvtaTDOXnoVJ20ibTuSIOf2i0uO0MPbDhd1jm238I+U/2ZnRENj0cktKZhtchBMtCUSRQ5v4xBCUbKNmyVMw=="
      },
      "Mapster.Core": {
        "type": "Transitive",
        "resolved": "1.2.1",
        "contentHash": "11lokmfliBEMMmjeqxFGNpqGXq6tN96zFqpBmfYeahr4Ybk63oDmeJmOflsATjobYkX248g5Y62oQ2NNnZaeww=="
      },
      "Microsoft.AspNetCore.Authorization": {
        "type": "Transitive",
        "resolved": "9.0.8",
        "contentHash": "1M8ncVJtsRBEfbDc9QCa2zuwMjh/YWLu/WnRXWHG5q+KE5FDvPEsV3cJag3qy6NWL2b0H+pdushFsN9d3geemA==",
        "dependencies": {
          "Microsoft.AspNetCore.Metadata": "9.0.8",
          "Microsoft.Extensions.Logging.Abstractions": "9.0.8",
          "Microsoft.Extensions.Options": "9.0.8"
        }
      },
      "Microsoft.AspNetCore.Components.Analyzers": {
        "type": "Transitive",
        "resolved": "9.0.8",
        "contentHash": "uRx+7E0/nKIbQ0yG2/TYr6RYqeVanWwAVdwzzffGvTyI/jZBE3YT9aJ9c0DGrhgvkDZPzH1Z4ryp6LdMmBJFAQ=="
      },
      "Microsoft.AspNetCore.Components.Forms": {
        "type": "Transitive",
        "resolved": "9.0.8",
        "contentHash": "OgbzTUq4/y0jbUspgBFBQ3TJZepx05uFYLgXyB04uwTIM2JtHFcFcQvoO2lWRwXl8I2B5PtMTcTFVFt+/b5onQ==",
        "dependencies": {
          "Microsoft.AspNetCore.Components": "9.0.8"
        }
      },
      "Microsoft.AspNetCore.Cryptography.Internal": {
        "type": "Transitive",
        "resolved": "9.0.9",
        "contentHash": "1ZKxBYg9d+pQS+oBEpHzCPLlKMN/MmCcESLvadcScjovVynTa52Q/1N8B0pn6N+MaWjEYw+YazEwTOI3zYOx8A=="
      },
      "Microsoft.AspNetCore.Cryptography.KeyDerivation": {
        "type": "Transitive",
        "resolved": "9.0.9",
        "contentHash": "iGru/4hTzcOYl6KQskvzyzYsGEbS7Rj+TfknIqDQZvgeGoxB61yEgypmomGz4pepBBFURkfnQLZJWaJtqlmy+g==",
        "dependencies": {
          "Microsoft.AspNetCore.Cryptography.Internal": "9.0.9"
        }
      },
      "Microsoft.AspNetCore.Metadata": {
        "type": "Transitive",
        "resolved": "9.0.8",
        "contentHash": "sju8zleT9mRQWeEe4hu4Vh4uep6WppxULZEkirEgU/pRl6uIQQsd526EBa8u52j+LuA3J8gS8twRmTpsr3xGtA=="
      },
      "Microsoft.Bcl.AsyncInterfaces": {
        "type": "Transitive",
        "resolved": "7.0.0",
        "contentHash": "3aeMZ1N0lJoSyzqiP03hqemtb1BijhsJADdobn/4nsMJ8V1H+CrpuduUe4hlRdx+ikBQju1VGjMD1GJ3Sk05Eg=="
      },
      "Microsoft.Build.Framework": {
        "type": "Transitive",
        "resolved": "17.8.3",
        "contentHash": "NrQZJW8TlKVPx72yltGb8SVz3P5mNRk9fNiD/ao8jRSk48WqIIdCn99q4IjlVmPcruuQ+yLdjNQLL8Rb4c916g=="
      },
      "Microsoft.Build.Locator": {
        "type": "Transitive",
        "resolved": "1.7.8",
        "contentHash": "sPy10x527Ph16S2u0yGME4S6ohBKJ69WfjeGG/bvELYeZVmJdKjxgnlL8cJJJLGV/cZIRqSfB12UDB8ICakOog=="
      },
      "Microsoft.CodeAnalysis.Analyzers": {
        "type": "Transitive",
        "resolved": "3.3.4",
        "contentHash": "AxkxcPR+rheX0SmvpLVIGLhOUXAKG56a64kV9VQZ4y9gR9ZmPXnqZvHJnmwLSwzrEP6junUF11vuc+aqo5r68g=="
      },
      "Microsoft.CodeAnalysis.Common": {
        "type": "Transitive",
        "resolved": "4.8.0",
        "contentHash": "/jR+e/9aT+BApoQJABlVCKnnggGQbvGh7BKq2/wI1LamxC+LbzhcLj4Vj7gXCofl1n4E521YfF9w0WcASGg/KA==",
        "dependencies": {
          "Microsoft.CodeAnalysis.Analyzers": "3.3.4",
          "System.Collections.Immutable": "7.0.0",
          "System.Reflection.Metadata": "7.0.0",
          "System.Runtime.CompilerServices.Unsafe": "6.0.0"
        }
      },
      "Microsoft.CodeAnalysis.CSharp": {
        "type": "Transitive",
        "resolved": "4.8.0",
        "contentHash": "+3+qfdb/aaGD8PZRCrsdobbzGs1m9u119SkkJt8e/mk3xLJz/udLtS2T6nY27OTXxBBw10HzAbC8Z9w08VyP/g==",
        "dependencies": {
          "Microsoft.CodeAnalysis.Common": "[4.8.0]"
        }
      },
      "Microsoft.CodeAnalysis.CSharp.Workspaces": {
        "type": "Transitive",
        "resolved": "4.8.0",
        "contentHash": "3amm4tq4Lo8/BGvg9p3BJh3S9nKq2wqCXfS7138i69TUpo/bD+XvD0hNurpEBtcNZhi1FyutiomKJqVF39ugYA==",
        "dependencies": {
          "Humanizer.Core": "2.14.1",
          "Microsoft.CodeAnalysis.CSharp": "[4.8.0]",
          "Microsoft.CodeAnalysis.Common": "[4.8.0]",
          "Microsoft.CodeAnalysis.Workspaces.Common": "[4.8.0]"
        }
      },
      "Microsoft.CodeAnalysis.Workspaces.Common": {
        "type": "Transitive",
        "resolved": "4.8.0",
        "contentHash": "LXyV+MJKsKRu3FGJA3OmSk40OUIa/dQCFLOnm5X8MNcujx7hzGu8o+zjXlb/cy5xUdZK2UKYb9YaQ2E8m9QehQ==",
        "dependencies": {
          "Humanizer.Core": "2.14.1",
          "Microsoft.Bcl.AsyncInterfaces": "7.0.0",
          "Microsoft.CodeAnalysis.Common": "[4.8.0]",
          "System.Composition": "7.0.0",
          "System.IO.Pipelines": "7.0.0",
          "System.Threading.Channels": "7.0.0"
        }
      },
      "Microsoft.CodeAnalysis.Workspaces.MSBuild": {
        "type": "Transitive",
        "resolved": "4.8.0",
        "contentHash": "IEYreI82QZKklp54yPHxZNG9EKSK6nHEkeuf+0Asie9llgS1gp0V1hw7ODG+QyoB7MuAnNQHmeV1Per/ECpv6A==",
        "dependencies": {
          "Microsoft.Build.Framework": "16.10.0",
          "Microsoft.CodeAnalysis.Common": "[4.8.0]",
          "Microsoft.CodeAnalysis.Workspaces.Common": "[4.8.0]",
          "System.Text.Json": "7.0.3"
        }
      },
      "Microsoft.EntityFrameworkCore.Abstractions": {
        "type": "Transitive",
        "resolved": "9.0.9",
        "contentHash": "QdM2k3Mnip2QsaxJbCI95dc2SajRMENdmaMhVKj4jPC5dmkoRcu3eEdvZAgDbd4bFVV1jtPGdHtXewtoBMlZqA=="
      },
      "Microsoft.EntityFrameworkCore.Analyzers": {
        "type": "Transitive",
        "resolved": "9.0.9",
        "contentHash": "uiKeU/qR0YpaDUa4+g0rAjKCuwfq8YWZGcpPptnFWIr1K7dXQTm/15D2HDwwU4ln3Uf66krYybymuY58ua4hhw=="
      },
      "Microsoft.EntityFrameworkCore.Relational": {
        "type": "Transitive",
        "resolved": "9.0.9",
        "contentHash": "SonFU9a8x4jZIhIBtCw1hIE3QKjd4c7Y3mjptoh682dfQe7K9pUPGcEV/sk4n8AJdq4fkyJPCaOdYaObhae/Iw==",
        "dependencies": {
          "Microsoft.EntityFrameworkCore": "9.0.9",
          "Microsoft.Extensions.Caching.Memory": "9.0.9",
          "Microsoft.Extensions.Configuration.Abstractions": "9.0.9",
          "Microsoft.Extensions.Logging": "9.0.9"
        }
      },
      "Microsoft.Extensions.AmbientMetadata.Application": {
        "type": "Transitive",
        "resolved": "9.9.0",
        "contentHash": "sCc7X0rXDdWIXdRq/s8Yd3YoMz2r0wNyRGQ5HdYu1TfvpGryH/3lH1pizS1WsL8gYrAD3nT0GIbsyz6c5dM/wQ==",
        "dependencies": {
          "Microsoft.Extensions.Configuration": "9.0.9",
          "Microsoft.Extensions.Hosting.Abstractions": "9.0.9",
          "Microsoft.Extensions.Options.ConfigurationExtensions": "9.0.9"
        }
      },
      "Microsoft.Extensions.Caching.Abstractions": {
        "type": "Transitive",
        "resolved": "9.0.9",
        "contentHash": "NgtRHOdPrAEacfjXLSrH/SRrSqGf6Vaa6d16mW2yoyJdg7AJr0BnBvxkv7PkCm/CHVyzojTK7Y+oUDEulqY1Qw==",
        "dependencies": {
          "Microsoft.Extensions.Primitives": "9.0.9"
        }
      },
      "Microsoft.Extensions.Caching.Memory": {
        "type": "Transitive",
        "resolved": "9.0.9",
        "contentHash": "ln31BtsDsBQxykJgxuCtiUXWRET9FmqeEq0BpPIghkYtGpDDVs8ZcLHAjCCzbw6aGoLek4Z7JaDjSO/CjOD0iw==",
        "dependencies": {
          "Microsoft.Extensions.Caching.Abstractions": "9.0.9",
          "Microsoft.Extensions.DependencyInjection.Abstractions": "9.0.9",
          "Microsoft.Extensions.Logging.Abstractions": "9.0.9",
          "Microsoft.Extensions.Options": "9.0.9",
          "Microsoft.Extensions.Primitives": "9.0.9"
        }
      },
      "Microsoft.Extensions.Compliance.Abstractions": {
        "type": "Transitive",
        "resolved": "9.9.0",
        "contentHash": "9/bU4vuy7xu81BeiHazP0kmtOb3vAKSGdN+9s84/HfwVDvxAZOfPxDK7uPl6jEfiFdZvpHNF/YxWQqaISvYEUQ==",
        "dependencies": {
          "Microsoft.Extensions.DependencyInjection.Abstractions": "9.0.9",
          "Microsoft.Extensions.ObjectPool": "9.0.9"
        }
      },
      "Microsoft.Extensions.Configuration": {
        "type": "Transitive",
        "resolved": "9.0.9",
        "contentHash": "w87wF/90/VI0ZQBhf4rbMEeyEy0vi2WKjFmACsNAKNaorY+ZlVz7ddyXkbADvaWouMKffNmR0yQOGcrvSSvKGg==",
        "dependencies": {
          "Microsoft.Extensions.Configuration.Abstractions": "9.0.9",
          "Microsoft.Extensions.Primitives": "9.0.9"
        }
      },
      "Microsoft.Extensions.Configuration.Abstractions": {
        "type": "Transitive",
        "resolved": "9.0.9",
        "contentHash": "p5RKAY9POvs3axwA/AQRuJeM8AHuE8h4qbP1NxQeGm0ep46aXz1oCLAp/oOYxX1GsjStgdhHrN3XXLLXr0+b3w==",
        "dependencies": {
          "Microsoft.Extensions.Primitives": "9.0.9"
        }
      },
      "Microsoft.Extensions.Configuration.Binder": {
        "type": "Transitive",
        "resolved": "9.0.9",
        "contentHash": "6SIp/6Bngk4jm2W36JekZbiIbFPdE/eMUtrJEqIqHGpd1zar3jvgnwxnpWQfzUiGrkyY8q8s6V82zkkEZozghA==",
        "dependencies": {
          "Microsoft.Extensions.Configuration.Abstractions": "9.0.9"
        }
      },
      "Microsoft.Extensions.DependencyInjection.Abstractions": {
        "type": "Transitive",
        "resolved": "9.0.9",
        "contentHash": "/hymojfWbE9AlDOa0mczR44m00Jj+T3+HZO0ZnVTI032fVycI0ZbNOVFP6kqZMcXiLSYXzR2ilcwaRi6dzeGyA=="
      },
      "Microsoft.Extensions.DependencyInjection.AutoActivation": {
        "type": "Transitive",
        "resolved": "9.9.0",
        "contentHash": "DrDJ7+dWB0LeR6b83wj9WNhr45O67Q+wTxFaVE9BHpAFGc66Xz/K3A5wp5fA/060vLGGDgkftBpbS307BizSFw==",
        "dependencies": {
          "Microsoft.Extensions.Hosting.Abstractions": "9.0.9"
        }
      },
      "Microsoft.Extensions.DependencyModel": {
        "type": "Transitive",
        "resolved": "9.0.9",
        "contentHash": "fNGvKct2De8ghm0Bpfq0iWthtzIWabgOTi+gJhNOPhNJIowXNEUE2eZNW/zNCzrHVA3PXg2yZ+3cWZndC2IqYA=="
      },
      "Microsoft.Extensions.Diagnostics": {
        "type": "Transitive",
        "resolved": "9.0.9",
        "contentHash": "gtzl9SD6CvFYOb92qEF41Z9rICzYniM342TWbbJwN3eLS6a5fCLFvO1pQGtpMSnP3h1zHXupMEeKSA9musWYCQ==",
        "dependencies": {
          "Microsoft.Extensions.Configuration": "9.0.9",
          "Microsoft.Extensions.Diagnostics.Abstractions": "9.0.9",
          "Microsoft.Extensions.Options.ConfigurationExtensions": "9.0.9"
        }
      },
      "Microsoft.Extensions.Diagnostics.Abstractions": {
        "type": "Transitive",
        "resolved": "9.0.9",
        "contentHash": "YHGmxccrVZ2Ar3eI+/NdbOHkd1/HzrHvmQ5yBsp0Gl7jTyBe6qcXNYjUt9v9JIO+Z14la44+YYEe63JSqs1fYg==",
        "dependencies": {
          "Microsoft.Extensions.DependencyInjection.Abstractions": "9.0.9",
          "Microsoft.Extensions.Options": "9.0.9"
        }
      },
      "Microsoft.Extensions.Diagnostics.ExceptionSummarization": {
        "type": "Transitive",
        "resolved": "9.9.0",
        "contentHash": "LVb1ziRqI8x8TNCJW+zRGx1xPTPFWbhJzEk8k+rFx03M8zrQt5T+3MMV/fWTeHc3/7uoJDRDRklRMUlAqQw99w==",
        "dependencies": {
          "Microsoft.Extensions.DependencyInjection.Abstractions": "9.0.9"
        }
      },
      "Microsoft.Extensions.Features": {
        "type": "Transitive",
        "resolved": "8.0.20",
        "contentHash": "3YCswjRwDom5KEyCfdPfyfKxKOVXairlyjNLJ48BG1YIs6GP2RNbK36rZY7myOkW64kjAaZTXMY7ruscqasDew=="
      },
      "Microsoft.Extensions.FileProviders.Abstractions": {
        "type": "Transitive",
        "resolved": "9.0.9",
        "contentHash": "M1ZhL9QkBQ/k6l/Wjgcli5zrV86HzytQ+gQiNtk9vs9Ge1fb17KKZil9T6jd15p2x/BGfXpup7Hg55CC0kkfig==",
        "dependencies": {
          "Microsoft.Extensions.Primitives": "9.0.9"
        }
      },
      "Microsoft.Extensions.Hosting.Abstractions": {
        "type": "Transitive",
        "resolved": "9.0.9",
        "contentHash": "ORA4dICNz7cuwupPkjXpSuoiK6GMg0aygInBIQCCFEimwoHntRKdJqB59faxq2HHJuTPW3NsZm5EjN5P5Zh6nQ==",
        "dependencies": {
          "Microsoft.Extensions.Configuration.Abstractions": "9.0.9",
          "Microsoft.Extensions.DependencyInjection.Abstractions": "9.0.9",
          "Microsoft.Extensions.Diagnostics.Abstractions": "9.0.9",
          "Microsoft.Extensions.FileProviders.Abstractions": "9.0.9",
          "Microsoft.Extensions.Logging.Abstractions": "9.0.9"
        }
      },
      "Microsoft.Extensions.Http": {
        "type": "Transitive",
        "resolved": "9.0.9",
        "contentHash": "dTmh5Rj4/WpirsN1PDs8YhyaodgtzxWqPKaT+B3Zn72uHKLJOuxIt06HTea126eEDWHYSLNN61I4snw7PuerFg==",
        "dependencies": {
          "Microsoft.Extensions.Configuration.Abstractions": "9.0.9",
          "Microsoft.Extensions.DependencyInjection.Abstractions": "9.0.9",
          "Microsoft.Extensions.Diagnostics": "9.0.9",
          "Microsoft.Extensions.Logging": "9.0.9",
          "Microsoft.Extensions.Logging.Abstractions": "9.0.9",
          "Microsoft.Extensions.Options": "9.0.9"
        }
      },
      "Microsoft.Extensions.Http.Diagnostics": {
        "type": "Transitive",
        "resolved": "9.9.0",
        "contentHash": "bdO0rzxXHsmp0+k1chjBKwxhdxkHetBfVe2LhFkoxSirErvvTmnD/ZeHqdNOeMEouJmaoGJFep70NFRK8/NDlA==",
        "dependencies": {
          "Microsoft.Extensions.Http": "9.0.9",
          "Microsoft.Extensions.Telemetry": "9.9.0"
        }
      },
      "Microsoft.Extensions.Identity.Core": {
        "type": "Transitive",
        "resolved": "9.0.9",
        "contentHash": "SGLETUVrC16OJJ04cUtxLdxr6WzdSPd7XsMqJqMi96UL4DWPjfeZAyYNETA4qbvnJm1/tf1/xvel7xm5o2mQwQ==",
        "dependencies": {
          "Microsoft.AspNetCore.Cryptography.KeyDerivation": "9.0.9",
          "Microsoft.Extensions.Logging": "9.0.9",
          "Microsoft.Extensions.Options": "9.0.9"
        }
      },
      "Microsoft.Extensions.Identity.Stores": {
        "type": "Transitive",
        "resolved": "9.0.9",
        "contentHash": "d1VMuRB/YPElUS65jg9YqJtdXWr7aqllWDrQsX1yY57iOn5z3ClC11zXxygwYOfX+4IYGGn9t8BsryDYJEyvOQ==",
        "dependencies": {
          "Microsoft.Extensions.Caching.Abstractions": "9.0.9",
          "Microsoft.Extensions.Identity.Core": "9.0.9",
          "Microsoft.Extensions.Logging": "9.0.9"
        }
      },
      "Microsoft.Extensions.Logging": {
        "type": "Transitive",
        "resolved": "9.0.9",
        "contentHash": "MaCB0Y9hNDs4YLu3HCJbo199WnJT8xSgajG1JYGANz9FkseQ5f3v/llu3HxLI6mjDlu7pa7ps9BLPWjKzsAAzQ==",
        "dependencies": {
          "Microsoft.Extensions.DependencyInjection": "9.0.9",
          "Microsoft.Extensions.Logging.Abstractions": "9.0.9",
          "Microsoft.Extensions.Options": "9.0.9"
        }
      },
      "Microsoft.Extensions.Logging.Abstractions": {
        "type": "Transitive",
        "resolved": "9.0.9",
        "contentHash": "FEgpSF+Z9StMvrsSViaybOBwR0f0ZZxDm8xV5cSOFiXN/t+ys+rwAlTd/6yG7Ld1gfppgvLcMasZry3GsI9lGA==",
        "dependencies": {
          "Microsoft.Extensions.DependencyInjection.Abstractions": "9.0.9"
        }
      },
      "Microsoft.Extensions.Logging.Configuration": {
        "type": "Transitive",
        "resolved": "9.0.9",
        "contentHash": "Abuo+S0Sg+Ke6vzSh5Ell+lwJJM+CEIqg1ImtWnnqF6a/ibJkQnmFJi4/ekEw/0uAcdFKJXtGV7w6cFN0nyXeg==",
        "dependencies": {
          "Microsoft.Extensions.Configuration": "9.0.9",
          "Microsoft.Extensions.Configuration.Abstractions": "9.0.9",
          "Microsoft.Extensions.Configuration.Binder": "9.0.9",
          "Microsoft.Extensions.DependencyInjection.Abstractions": "9.0.9",
          "Microsoft.Extensions.Logging": "9.0.9",
          "Microsoft.Extensions.Logging.Abstractions": "9.0.9",
          "Microsoft.Extensions.Options": "9.0.9",
          "Microsoft.Extensions.Options.ConfigurationExtensions": "9.0.9"
        }
      },
      "Microsoft.Extensions.ObjectPool": {
        "type": "Transitive",
        "resolved": "9.0.9",
        "contentHash": "jYZSlGBpPzqWr3mc7cf/YNTY45ys7FIaziQtHAK3sWtd5v4ehpowBmrL2aOSizfM7Q326PDw2P100ILpdEbhzg=="
      },
      "Microsoft.Extensions.Options": {
        "type": "Transitive",
        "resolved": "9.0.9",
        "contentHash": "loxGGHE1FC2AefwPHzrjPq7X92LQm64qnU/whKfo6oWaceewPUVYQJBJs3S3E2qlWwnCpeZ+dGCPTX+5dgVAuQ==",
        "dependencies": {
          "Microsoft.Extensions.DependencyInjection.Abstractions": "9.0.9",
          "Microsoft.Extensions.Primitives": "9.0.9"
        }
      },
      "Microsoft.Extensions.Options.ConfigurationExtensions": {
        "type": "Transitive",
        "resolved": "9.0.9",
        "contentHash": "n4DCdnn2qs6V5U06Sx62FySEAZsJiJJgOzrPHDh9hPK7c2W8hEabC76F3Re3tGPjpiKa02RvB6FxZyxo8iICzg==",
        "dependencies": {
          "Microsoft.Extensions.Configuration.Abstractions": "9.0.9",
          "Microsoft.Extensions.Configuration.Binder": "9.0.9",
          "Microsoft.Extensions.DependencyInjection.Abstractions": "9.0.9",
          "Microsoft.Extensions.Options": "9.0.9",
          "Microsoft.Extensions.Primitives": "9.0.9"
        }
      },
      "Microsoft.Extensions.Primitives": {
        "type": "Transitive",
        "resolved": "9.0.9",
        "contentHash": "z4pyMePOrl733ltTowbN565PxBw1oAr8IHmIXNDiDqd22nFpYltX9KhrNC/qBWAG1/Zx5MHX+cOYhWJQYCO/iw=="
      },
      "Microsoft.Extensions.Resilience": {
        "type": "Transitive",
        "resolved": "9.9.0",
        "contentHash": "MZNGlO++Z64MsIzb2d875uFx0fivsJb+gMjSacVQTpINJm0sxzOK2CfjnH4gDbndAZ9pCU2rZtsxqMa45YkM6A==",
        "dependencies": {
          "Microsoft.Extensions.Diagnostics": "9.0.9",
          "Microsoft.Extensions.Diagnostics.ExceptionSummarization": "9.9.0",
          "Microsoft.Extensions.Options.ConfigurationExtensions": "9.0.9",
          "Microsoft.Extensions.Telemetry.Abstractions": "9.9.0",
          "Polly.Extensions": "8.4.2",
          "Polly.RateLimiting": "8.4.2"
        }
      },
      "Microsoft.Extensions.ServiceDiscovery.Abstractions": {
        "type": "Transitive",
        "resolved": "9.5.0",
        "contentHash": "uPSUz9kPHe0vm0YQFIKJebxhTH5FrG51qGvquRntE87Z3tDKEGjQMWsxKog/RqhB0YO8OYn0F7jRxnTJlj3KvQ==",
        "dependencies": {
          "Microsoft.Extensions.Configuration.Abstractions": "8.0.0",
          "Microsoft.Extensions.Configuration.Binder": "8.0.2",
          "Microsoft.Extensions.DependencyInjection.Abstractions": "8.0.2",
          "Microsoft.Extensions.Features": "8.0.20",
          "Microsoft.Extensions.Logging.Abstractions": "8.0.3",
          "Microsoft.Extensions.Options": "8.0.2",
          "Microsoft.Extensions.Primitives": "8.0.0"
        }
      },
      "Microsoft.Extensions.Telemetry": {
        "type": "Transitive",
        "resolved": "9.9.0",
        "contentHash": "gwTzxU0+W0Beqp0jivDajsjVtLZTxM5werm4kggyTqmP5dlfapo/0DoK0yG3/gNyiFWCcJmEGhmqrSL9gNFtGw==",
        "dependencies": {
          "Microsoft.Extensions.AmbientMetadata.Application": "9.9.0",
          "Microsoft.Extensions.DependencyInjection.AutoActivation": "9.9.0",
          "Microsoft.Extensions.Logging.Configuration": "9.0.9",
          "Microsoft.Extensions.ObjectPool": "9.0.9",
          "Microsoft.Extensions.Telemetry.Abstractions": "9.9.0"
        }
      },
      "Microsoft.Extensions.Telemetry.Abstractions": {
        "type": "Transitive",
        "resolved": "9.9.0",
        "contentHash": "EmnlvikFKeWRJLvdoysRWOnYggD+aQpwpXjfDAZLpbuiPYsNhXzMRs6b+/R0QiQ5gV8r6JAGZyexMum8ZUDtWA==",
        "dependencies": {
          "Microsoft.Extensions.Compliance.Abstractions": "9.9.0",
          "Microsoft.Extensions.Logging.Abstractions": "9.0.9",
          "Microsoft.Extensions.ObjectPool": "9.0.9",
          "Microsoft.Extensions.Options": "9.0.9"
        }
      },
      "Microsoft.NETCore.Platforms": {
        "type": "Transitive",
        "resolved": "1.1.1",
        "contentHash": "TMBuzAHpTenGbGgk0SMTwyEkyijY/Eae4ZGsFNYJvAr/LDn1ku3Etp3FPxChmDp5HHF3kzJuoaa08N0xjqAJfQ=="
      },
      "Microsoft.NETCore.Targets": {
        "type": "Transitive",
        "resolved": "1.1.3",
        "contentHash": "3Wrmi0kJDzClwAC+iBdUBpEKmEle8FQNsCs77fkiOIw/9oYA07bL1EZNX0kQ2OMN3xpwvl0vAtOCYY3ndDNlhQ=="
      },
      "Mono.TextTemplating": {
        "type": "Transitive",
        "resolved": "3.0.0",
        "contentHash": "YqueG52R/Xej4VVbKuRIodjiAhV0HR/XVbLbNrJhCZnzjnSjgMJ/dCdV0akQQxavX6hp/LC6rqLGLcXeQYU7XA==",
        "dependencies": {
          "System.CodeDom": "6.0.0"
        }
      },
      "Npgsql": {
        "type": "Transitive",
        "resolved": "9.0.3",
        "contentHash": "tPvY61CxOAWxNsKLEBg+oR646X4Bc8UmyQ/tJszL/7mEmIXQnnBhVJZrZEEUv0Bstu0mEsHZD5At3EO8zQRAYw==",
        "dependencies": {
          "Microsoft.Extensions.Logging.Abstractions": "8.0.2"
        }
      },
      "OpenTelemetry": {
        "type": "Transitive",
        "resolved": "1.12.0",
        "contentHash": "aIEu2O3xFOdwIVH0AJsIHPIMH1YuX18nzu7BHyaDNQ6NWSk4Zyrs9Pp6y8SATuSbvdtmvue4mj/QZ3838srbwA==",
        "dependencies": {
          "Microsoft.Extensions.Diagnostics.Abstractions": "9.0.0",
          "Microsoft.Extensions.Logging.Configuration": "9.0.0",
          "OpenTelemetry.Api.ProviderBuilderExtensions": "1.12.0"
        }
      },
      "OpenTelemetry.Api": {
        "type": "Transitive",
        "resolved": "1.12.0",
        "contentHash": "Xt0qldi+iE2szGrM3jAqzEMEJd48YBtqI6mge0+ArXTZg3aTpRmyhL6CKKl3bLioaFSSVbBpEbPin8u6Z46Yrw==",
        "dependencies": {
          "System.Diagnostics.DiagnosticSource": "9.0.0"
        }
      },
      "OpenTelemetry.Api.ProviderBuilderExtensions": {
        "type": "Transitive",
        "resolved": "1.12.0",
        "contentHash": "t6Vk1143BfiisCWYbRcyzkAuN6Aq5RkYtfOSMoqCIRMvtN9p1e1xzc0nWQ+fccNGOVgHn3aMK5xFn2+iWMcr8A==",
        "dependencies": {
          "Microsoft.Extensions.DependencyInjection.Abstractions": "9.0.0",
          "OpenTelemetry.Api": "1.12.0"
        }
      },
      "Polly.Core": {
        "type": "Transitive",
        "resolved": "8.4.2",
        "contentHash": "BpE2I6HBYYA5tF0Vn4eoQOGYTYIK1BlF5EXVgkWGn3mqUUjbXAr13J6fZVbp7Q3epRR8yshacBMlsHMhpOiV3g=="
      },
      "Polly.Extensions": {
        "type": "Transitive",
        "resolved": "8.4.2",
        "contentHash": "GZ9vRVmR0jV2JtZavt+pGUsQ1O1cuRKG7R7VOZI6ZDy9y6RNPvRvXK1tuS4ffUrv8L0FTea59oEuQzgS0R7zSA==",
        "dependencies": {
          "Microsoft.Extensions.Logging.Abstractions": "8.0.0",
          "Microsoft.Extensions.Options": "8.0.0",
          "Polly.Core": "8.4.2"
        }
      },
      "Polly.RateLimiting": {
        "type": "Transitive",
        "resolved": "8.4.2",
        "contentHash": "ehTImQ/eUyO07VYW2WvwSmU9rRH200SKJ/3jku9rOkyWE0A2JxNFmAVms8dSn49QLSjmjFRRSgfNyOgr/2PSmA==",
        "dependencies": {
          "Polly.Core": "8.4.2",
          "System.Threading.RateLimiting": "8.0.0"
        }
      },
      "System.CodeDom": {
        "type": "Transitive",
        "resolved": "6.0.0",
        "contentHash": "CPc6tWO1LAer3IzfZufDBRL+UZQcj5uS207NHALQzP84Vp/z6wF0Aa0YZImOQY8iStY0A2zI/e3ihKNPfUm8XA=="
      },
      "System.Collections.Immutable": {
        "type": "Transitive",
        "resolved": "7.0.0",
        "contentHash": "dQPcs0U1IKnBdRDBkrCTi1FoajSTBzLcVTpjO4MBCMC7f4pDOIPzgBoX8JjG7X6uZRJ8EBxsi8+DR1JuwjnzOQ=="
      },
      "System.Composition": {
        "type": "Transitive",
        "resolved": "7.0.0",
        "contentHash": "tRwgcAkDd85O8Aq6zHDANzQaq380cek9lbMg5Qma46u5BZXq/G+XvIYmu+UI+BIIZ9zssXLYrkTykEqxxvhcmg==",
        "dependencies": {
          "System.Composition.AttributedModel": "7.0.0",
          "System.Composition.Convention": "7.0.0",
          "System.Composition.Hosting": "7.0.0",
          "System.Composition.Runtime": "7.0.0",
          "System.Composition.TypedParts": "7.0.0"
        }
      },
      "System.Composition.AttributedModel": {
        "type": "Transitive",
        "resolved": "7.0.0",
        "contentHash": "2QzClqjElKxgI1jK1Jztnq44/8DmSuTSGGahXqQ4TdEV0h9s2KikQZIgcEqVzR7OuWDFPGLHIprBJGQEPr8fAQ=="
      },
      "System.Composition.Convention": {
        "type": "Transitive",
        "resolved": "7.0.0",
        "contentHash": "IMhTlpCs4HmlD8B+J8/kWfwX7vrBBOs6xyjSTzBlYSs7W4OET4tlkR/Sg9NG8jkdJH9Mymq0qGdYS1VPqRTBnQ==",
        "dependencies": {
          "System.Composition.AttributedModel": "7.0.0"
        }
      },
      "System.Composition.Hosting": {
        "type": "Transitive",
        "resolved": "7.0.0",
        "contentHash": "eB6gwN9S+54jCTBJ5bpwMOVerKeUfGGTYCzz3QgDr1P55Gg/Wb27ShfPIhLMjmZ3MoAKu8uUSv6fcCdYJTN7Bg==",
        "dependencies": {
          "System.Composition.Runtime": "7.0.0"
        }
      },
      "System.Composition.Runtime": {
        "type": "Transitive",
        "resolved": "7.0.0",
        "contentHash": "aZJ1Zr5Txe925rbo4742XifEyW0MIni1eiUebmcrP3HwLXZ3IbXUj4MFMUH/RmnJOAQiS401leg/2Sz1MkApDw=="
      },
      "System.Composition.TypedParts": {
        "type": "Transitive",
        "resolved": "7.0.0",
        "contentHash": "ZK0KNPfbtxVceTwh+oHNGUOYV2WNOHReX2AXipuvkURC7s/jPwoWfsu3SnDBDgofqbiWr96geofdQ2erm/KTHg==",
        "dependencies": {
          "System.Composition.AttributedModel": "7.0.0",
          "System.Composition.Hosting": "7.0.0",
          "System.Composition.Runtime": "7.0.0"
        }
      },
      "System.Diagnostics.DiagnosticSource": {
        "type": "Transitive",
        "resolved": "9.0.0",
        "contentHash": "ddppcFpnbohLWdYKr/ZeLZHmmI+DXFgZ3Snq+/E7SwcdW4UnvxmaugkwGywvGVWkHPGCSZjCP+MLzu23AL5SDw=="
      },
      "System.IO.Pipelines": {
        "type": "Transitive",
        "resolved": "7.0.0",
        "contentHash": "jRn6JYnNPW6xgQazROBLSfpdoczRw694vO5kKvMcNnpXuolEixUyw6IBuBs2Y2mlSX/LdLvyyWmfXhaI3ND1Yg=="
      },
      "System.Reflection.Metadata": {
        "type": "Transitive",
        "resolved": "7.0.0",
        "contentHash": "MclTG61lsD9sYdpNz9xsKBzjsmsfCtcMZYXz/IUr2zlhaTaABonlr1ESeompTgM+Xk+IwtGYU7/voh3YWB/fWw==",
        "dependencies": {
          "System.Collections.Immutable": "7.0.0"
        }
      },
      "System.Runtime": {
        "type": "Transitive",
        "resolved": "4.3.1",
        "contentHash": "abhfv1dTK6NXOmu4bgHIONxHyEqFjW8HwXPmpY9gmll+ix9UNo4XDcmzJn6oLooftxNssVHdJC1pGT9jkSynQg==",
        "dependencies": {
          "Microsoft.NETCore.Platforms": "1.1.1",
          "Microsoft.NETCore.Targets": "1.1.3"
        }
      },
      "System.Runtime.CompilerServices.Unsafe": {
        "type": "Transitive",
        "resolved": "6.0.0",
        "contentHash": "/iUeP3tq1S0XdNNoMz5C9twLSrM/TH+qElHkXWaPvuNOt+99G75NrV0OS2EqHx5wMN7popYjpc8oTjC1y16DLg=="
      },
      "System.Text.Json": {
        "type": "Transitive",
        "resolved": "9.0.9",
        "contentHash": "NEnpppwq67fRz/OvQRxsEMgetDJsxlxpEsAFO/4PZYbAyAMd4Ol6KS7phc8uDoKPsnbdzRLKobpX303uQwCqdg=="
      },
      "System.Threading.Channels": {
        "type": "Transitive",
        "resolved": "7.0.0",
        "contentHash": "qmeeYNROMsONF6ndEZcIQ+VxR4Q/TX/7uIVLJqtwIWL7dDWeh0l1UIqgo4wYyjG//5lUNhwkLDSFl+pAWO6oiA=="
      },
      "System.Threading.RateLimiting": {
        "type": "Transitive",
        "resolved": "8.0.0",
        "contentHash": "7mu9v0QDv66ar3DpGSZHg9NuNcxDaaAcnMULuZlaTpP9+hwXhrxNGsF5GmLkSHxFdb5bBc1TzeujsRgTrPWi+Q=="
      },
      "WaffleGenerator": {
        "type": "Transitive",
        "resolved": "4.2.2",
        "contentHash": "Dczu80ZOWyT4LTV0ddOkfbVZSwMzJAa213jS70aP2ydiyUWYOdO1+4ny0b4r9TFiP4wfl6X15GXj0rlSrPNsbw=="
      },
      "servicedefaults": {
        "type": "Project",
        "dependencies": {
          "Microsoft.Extensions.DependencyInjection": "[9.0.9, )",
          "Microsoft.Extensions.Http.Resilience": "[9.9.0, )",
          "Microsoft.Extensions.ServiceDiscovery": "[9.5.0, )",
          "OpenTelemetry.Exporter.OpenTelemetryProtocol": "[1.12.0, )",
          "OpenTelemetry.Extensions.Hosting": "[1.12.0, )",
          "OpenTelemetry.Instrumentation.AspNetCore": "[1.12.0, )",
          "OpenTelemetry.Instrumentation.Http": "[1.12.0, )",
          "OpenTelemetry.Instrumentation.Runtime": "[1.12.0, )",
          "Shared": "[1.0.0, )"
        }
      },
      "shared": {
        "type": "Project",
        "dependencies": {
          "Bogus": "[35.6.4, )",
          "FluentValidation": "[12.0.0, )",
          "Mapster": "[7.4.0, )",
          "Microsoft.AspNetCore.Identity.EntityFrameworkCore": "[9.0.9, )",
          "WaffleGenerator.Bogus": "[4.2.2, )"
        }
      },
      "Microsoft.AspNetCore.Components": {
        "type": "CentralTransitive",
        "requested": "[9.0.8, )",
        "resolved": "9.0.8",
        "contentHash": "+s+r/l2iBoU1mnG8ft9HS/xzqjd0cGbqnsVC9PgjNa5VGm/pVbPEMUJDea58iOaVETi7VGQCDoHLG83ObmlK2A==",
        "dependencies": {
          "Microsoft.AspNetCore.Authorization": "9.0.8",
          "Microsoft.AspNetCore.Components.Analyzers": "9.0.8"
        }
      },
      "Microsoft.AspNetCore.Components.Web": {
        "type": "CentralTransitive",
        "requested": "[9.0.8, )",
        "resolved": "9.0.8",
        "contentHash": "YKdFoDJ36VNRDoZfoc6bf/RWEg4mR/f6Fa9CToDEiqwZId70Qc9JUamM4rgfDaKLIGY7QEeh3oS3j1cQb5AUUA==",
        "dependencies": {
          "Microsoft.AspNetCore.Components": "9.0.8",
          "Microsoft.AspNetCore.Components.Forms": "9.0.8",
          "Microsoft.Extensions.DependencyInjection": "9.0.8",
          "Microsoft.Extensions.Primitives": "9.0.8",
          "Microsoft.JSInterop": "9.0.8"
        }
      },
      "Microsoft.Extensions.Http.Resilience": {
        "type": "CentralTransitive",
        "requested": "[9.9.0, )",
        "resolved": "9.9.0",
        "contentHash": "dZ5Y34CsrPNBn4GMLq/PJeIV903R98K3Z3a2sECEeJv3kW4HlgwDZoZWsbG4ymBdGdQJoXS+Qp8sdLm3ptFdDg==",
        "dependencies": {
          "Microsoft.Extensions.Http.Diagnostics": "9.9.0",
          "Microsoft.Extensions.ObjectPool": "9.0.9",
          "Microsoft.Extensions.Resilience": "9.9.0"
        }
      },
      "Microsoft.Extensions.ServiceDiscovery": {
        "type": "CentralTransitive",
        "requested": "[9.5.0, )",
        "resolved": "9.5.0",
        "contentHash": "Fj/yZriF1f9XV0xy30cCM6OXfGMwx40Irhf+zM6cREf6W1OvFjnzDKnGS/kSKPqr579PdFkXd5s8uDRIXr8N4g==",
        "dependencies": {
          "Microsoft.Extensions.Configuration.Abstractions": "8.0.0",
          "Microsoft.Extensions.Configuration.Binder": "8.0.2",
          "Microsoft.Extensions.DependencyInjection.Abstractions": "8.0.2",
          "Microsoft.Extensions.Features": "8.0.20",
          "Microsoft.Extensions.Http": "8.0.1",
          "Microsoft.Extensions.Logging.Abstractions": "8.0.3",
          "Microsoft.Extensions.Options": "8.0.2",
          "Microsoft.Extensions.Primitives": "8.0.0",
          "Microsoft.Extensions.ServiceDiscovery.Abstractions": "9.5.0"
        }
      },
      "Microsoft.JSInterop": {
        "type": "CentralTransitive",
        "requested": "[9.0.8, )",
        "resolved": "9.0.8",
        "contentHash": "arGqasYOND4vG0s1RywqHAKq1NIyFrco/srpM9QDlVGnFrYdtkWZUEuiVcD5GZswfmYOGVD5CLIHVVb8S86ylQ=="
      },
      "OpenTelemetry.Exporter.OpenTelemetryProtocol": {
        "type": "CentralTransitive",
        "requested": "[1.12.0, )",
        "resolved": "1.12.0",
        "contentHash": "7LzQSPhz5pNaL4xZgT3wkZODA1NLrEq3bet8KDHgtaJ9q+VNP7wmiZky8gQfMkB4FXuI/pevT8ZurL4p5997WA==",
        "dependencies": {
          "OpenTelemetry": "1.12.0"
        }
      },
      "OpenTelemetry.Extensions.Hosting": {
        "type": "CentralTransitive",
        "requested": "[1.12.0, )",
        "resolved": "1.12.0",
        "contentHash": "6/8O6rsJRwslg5/Fm3bscBelw4Yh9T9CN24p7cAsuEFkrmmeSO9gkYUCK02Qi+CmPM2KHYTLjKi0lJaCsDMWQA==",
        "dependencies": {
          "Microsoft.Extensions.Hosting.Abstractions": "9.0.0",
          "OpenTelemetry": "1.12.0"
        }
      },
      "OpenTelemetry.Instrumentation.AspNetCore": {
        "type": "CentralTransitive",
        "requested": "[1.12.0, )",
        "resolved": "1.12.0",
        "contentHash": "r+Mzggd2P4N0Y34QIO6kakVPBOKFYSHnLkTrXXM+r37ABp+iaUvVUe+u/uxszsi5f7P5mrG0uYYaJ1QGHvzo3A==",
        "dependencies": {
          "OpenTelemetry.Api.ProviderBuilderExtensions": "[1.12.0, 2.0.0)"
        }
      },
      "OpenTelemetry.Instrumentation.Http": {
        "type": "CentralTransitive",
        "requested": "[1.12.0, )",
        "resolved": "1.12.0",
        "contentHash": "0rW+MbHgUQAdbvBtRxPYoQBosbNdWegL7cYkRlxq+KQ/VFyU8itt4pWTccmu1/FWmTgqJyT3LaujyDZoRrm8Yg==",
        "dependencies": {
          "Microsoft.Extensions.Configuration": "9.0.0",
          "Microsoft.Extensions.Options": "9.0.0",
          "OpenTelemetry.Api.ProviderBuilderExtensions": "[1.12.0, 2.0.0)"
        }
      },
      "OpenTelemetry.Instrumentation.Runtime": {
        "type": "CentralTransitive",
        "requested": "[1.12.0, )",
        "resolved": "1.12.0",
        "contentHash": "xmd0TAm2x+T3ztdf5BolIwLPh+Uy6osaBeIQtCXv611PN7h/Pnhsjg5lU2hkAWj7M7ns74U5wtVpS8DXmJ+94w==",
        "dependencies": {
          "OpenTelemetry.Api": "[1.12.0, 2.0.0)"
        }
      }
    }
  }
}